
Microsoft Visual Studio Solution File, Format Version 12.00
# Visual Studio 2012
Project("{FAE04EC0-301F-11D3-BF4B-00C04F79EFBC}") = "FA.Buiness", "FA.Buiness\FA.Buiness.csproj", "{E344E05D-AE7A-4454-832A-A3EC1ADB76C8}"
EndProject
Project("{FAE04EC0-301F-11D3-BF4B-00C04F79EFBC}") = "FA.DB", "FA.DB\FA.DB.csproj", "{ED233DE7-6011-4434-8D3F-ACD7BDEB9F27}"
EndProject
Project("{FAE04EC0-301F-11D3-BF4B-00C04F79EFBC}") = "FA.Common", "FA.Common\FA.Common.csproj", "{2A43ED9F-C8E8-4329-A720-28EDCD30416A}"
EndProject
Project("{6141683F-8A12-4E36-9623-2EB02B2C2303}") = "Setup", "Setup\Setup.isproj", "{266BD9BB-AB97-4A7D-9D5C-FFE17D9F2EC1}"
EndProject
Project("{FAE04EC0-301F-11D3-BF4B-00C04F79EFBC}") = "PicFile_Managerment", "PicFile_Managerment\PicFile_Managerment.csproj", "{5BC16567-C2A2-4585-8507-71BF4F5E2D42}"
EndProject
Global
	GlobalSection(SolutionConfigurationPlatforms) = preSolution
		CD_ROM|Any CPU = CD_ROM|Any CPU
		Debug|Any CPU = Debug|Any CPU
		DVD-5|Any CPU = DVD-5|Any CPU
		Release|Any CPU = Release|Any CPU
		SingleImage|Any CPU = SingleImage|Any CPU
	EndGlobalSection
	GlobalSection(ProjectConfigurationPlatforms) = postSolution
		{E344E05D-AE7A-4454-832A-A3EC1ADB76C8}.CD_ROM|Any CPU.ActiveCfg = Release|Any CPU
		{E344E05D-AE7A-4454-832A-A3EC1ADB76C8}.CD_ROM|Any CPU.Build.0 = Release|Any CPU
		{E344E05D-AE7A-4454-832A-A3EC1ADB76C8}.Debug|Any CPU.ActiveCfg = Debug|Any CPU
		{E344E05D-AE7A-4454-832A-A3EC1ADB76C8}.Debug|Any CPU.Build.0 = Debug|Any CPU
		{E344E05D-AE7A-4454-832A-A3EC1ADB76C8}.DVD-5|Any CPU.ActiveCfg = Debug|Any CPU
		{E344E05D-AE7A-4454-832A-A3EC1ADB76C8}.DVD-5|Any CPU.Build.0 = Debug|Any CPU
		{E344E05D-AE7A-4454-832A-A3EC1ADB76C8}.Release|Any CPU.ActiveCfg = Release|Any CPU
		{E344E05D-AE7A-4454-832A-A3EC1ADB76C8}.Release|Any CPU.Build.0 = Release|Any CPU
		{E344E05D-AE7A-4454-832A-A3EC1ADB76C8}.SingleImage|Any CPU.ActiveCfg = Debug|Any CPU
		{E344E05D-AE7A-4454-832A-A3EC1ADB76C8}.SingleImage|Any CPU.Build.0 = Debug|Any CPU
		{ED233DE7-6011-4434-8D3F-ACD7BDEB9F27}.CD_ROM|Any CPU.ActiveCfg = Release|Any CPU
		{ED233DE7-6011-4434-8D3F-ACD7BDEB9F27}.CD_ROM|Any CPU.Build.0 = Release|Any CPU
		{ED233DE7-6011-4434-8D3F-ACD7BDEB9F27}.Debug|Any CPU.ActiveCfg = Debug|Any CPU
		{ED233DE7-6011-4434-8D3F-ACD7BDEB9F27}.Debug|Any CPU.Build.0 = Debug|Any CPU
		{ED233DE7-6011-4434-8D3F-ACD7BDEB9F27}.DVD-5|Any CPU.ActiveCfg = Debug|Any CPU
		{ED233DE7-6011-4434-8D3F-ACD7BDEB9F27}.DVD-5|Any CPU.Build.0 = Debug|Any CPU
		{ED233DE7-6011-4434-8D3F-ACD7BDEB9F27}.Release|Any CPU.ActiveCfg = Release|Any CPU
		{ED233DE7-6011-4434-8D3F-ACD7BDEB9F27}.Release|Any CPU.Build.0 = Release|Any CPU
		{ED233DE7-6011-4434-8D3F-ACD7BDEB9F27}.SingleImage|Any CPU.ActiveCfg = Debug|Any CPU
		{ED233DE7-6011-4434-8D3F-ACD7BDEB9F27}.SingleImage|Any CPU.Build.0 = Debug|Any CPU
		{2A43ED9F-C8E8-4329-A720-28EDCD30416A}.CD_ROM|Any CPU.ActiveCfg = Release|Any CPU
		{2A43ED9F-C8E8-4329-A720-28EDCD30416A}.CD_ROM|Any CPU.Build.0 = Release|Any CPU
		{2A43ED9F-C8E8-4329-A720-28EDCD30416A}.Debug|Any CPU.ActiveCfg = Debug|Any CPU
		{2A43ED9F-C8E8-4329-A720-28EDCD30416A}.Debug|Any CPU.Build.0 = Debug|Any CPU
		{2A43ED9F-C8E8-4329-A720-28EDCD30416A}.DVD-5|Any CPU.ActiveCfg = Debug|Any CPU
		{2A43ED9F-C8E8-4329-A720-28EDCD30416A}.DVD-5|Any CPU.Build.0 = Debug|Any CPU
		{2A43ED9F-C8E8-4329-A720-28EDCD30416A}.Release|Any CPU.ActiveCfg = Release|Any CPU
		{2A43ED9F-C8E8-4329-A720-28EDCD30416A}.Release|Any CPU.Build.0 = Release|Any CPU
		{2A43ED9F-C8E8-4329-A720-28EDCD30416A}.SingleImage|Any CPU.ActiveCfg = Debug|Any CPU
		{2A43ED9F-C8E8-4329-A720-28EDCD30416A}.SingleImage|Any CPU.Build.0 = Debug|Any CPU
		{266BD9BB-AB97-4A7D-9D5C-FFE17D9F2EC1}.CD_ROM|Any CPU.ActiveCfg = CD_ROM
		{266BD9BB-AB97-4A7D-9D5C-FFE17D9F2EC1}.CD_ROM|Any CPU.Build.0 = CD_ROM
		{266BD9BB-AB97-4A7D-9D5C-FFE17D9F2EC1}.Debug|Any CPU.ActiveCfg = DVD-5
		{266BD9BB-AB97-4A7D-9D5C-FFE17D9F2EC1}.Debug|Any CPU.Build.0 = DVD-5
		{266BD9BB-AB97-4A7D-9D5C-FFE17D9F2EC1}.DVD-5|Any CPU.ActiveCfg = DVD-5
		{266BD9BB-AB97-4A7D-9D5C-FFE17D9F2EC1}.DVD-5|Any CPU.Build.0 = DVD-5
		{266BD9BB-AB97-4A7D-9D5C-FFE17D9F2EC1}.Release|Any CPU.ActiveCfg = SingleImage
		{266BD9BB-AB97-4A7D-9D5C-FFE17D9F2EC1}.Release|Any CPU.Build.0 = SingleImage
		{266BD9BB-AB97-4A7D-9D5C-FFE17D9F2EC1}.SingleImage|Any CPU.ActiveCfg = SingleImage
		{266BD9BB-AB97-4A7D-9D5C-FFE17D9F2EC1}.SingleImage|Any CPU.Build.0 = SingleImage
		{5BC16567-C2A2-4585-8507-71BF4F5E2D42}.CD_ROM|Any CPU.ActiveCfg = Release|Any CPU
		{5BC16567-C2A2-4585-8507-71BF4F5E2D42}.CD_ROM|Any CPU.Build.0 = Release|Any CPU
		{5BC16567-C2A2-4585-8507-71BF4F5E2D42}.Debug|Any CPU.ActiveCfg = Debug|Any CPU
		{5BC16567-C2A2-4585-8507-71BF4F5E2D42}.Debug|Any CPU.Build.0 = Debug|Any CPU
		{5BC16567-C2A2-4585-8507-71BF4F5E2D42}.DVD-5|Any CPU.ActiveCfg = Debug|Any CPU
		{5BC16567-C2A2-4585-8507-71BF4F5E2D42}.DVD-5|Any CPU.Build.0 = Debug|Any CPU
		{5BC16567-C2A2-4585-8507-71BF4F5E2D42}.Release|Any CPU.ActiveCfg = Release|Any CPU
		{5BC16567-C2A2-4585-8507-71BF4F5E2D42}.Release|Any CPU.Build.0 = Release|Any CPU
		{5BC16567-C2A2-4585-8507-71BF4F5E2D42}.SingleImage|Any CPU.ActiveCfg = Release|Any CPU
		{5BC16567-C2A2-4585-8507-71BF4F5E2D42}.SingleImage|Any CPU.Build.0 = Release|Any CPU
	EndGlobalSection
	GlobalSection(SolutionProperties) = preSolution
		HideSolutionNode = FALSE
	EndGlobalSection
EndGlobal
