
Microsoft Visual Studio Solution File, Format Version 12.00
# Visual Studio 2012
Project("{FAE04EC0-301F-11D3-BF4B-00C04F79EFBC}") = "FA.Buiness", "FA.Buiness\FA.Buiness.csproj", "{E344E05D-AE7A-4454-832A-A3EC1ADB76C8}"
EndProject
Project("{FAE04EC0-301F-11D3-BF4B-00C04F79EFBC}") = "FA.DB", "FA.DB\FA.DB.csproj", "{ED233DE7-6011-4434-8D3F-ACD7BDEB9F27}"
EndProject
Project("{FAE04EC0-301F-11D3-BF4B-00C04F79EFBC}") = "FA.Common", "FA.Common\FA.Common.csproj", "{2A43ED9F-C8E8-4329-A720-28EDCD30416A}"
EndProject
Project("{6141683F-8A12-4E36-9623-2EB02B2C2303}") = "Setup", "Setup\Setup.isproj", "{266BD9BB-AB97-4A7D-9D5C-FFE17D9F2EC1}"
	ProjectSection(ProjectDependencies) = postProject
		{5BC16567-C2A2-4585-8507-71BF4F5E2D42} = {5BC16567-C2A2-4585-8507-71BF4F5E2D42}
	EndProjectSection
EndProject
Project("{FAE04EC0-301F-11D3-BF4B-00C04F79EFBC}") = "PicFile_Managerment", "PicFile_Managerment\PicFile_Managerment.csproj", "{5BC16567-C2A2-4585-8507-71BF4F5E2D42}"
EndProject
Project("{FAE04EC0-301F-11D3-BF4B-00C04F79EFBC}") = "Image_Crop_GUI", "..\..\TEST\Image_Crop_GUI_App\Image_Crop_GUI.csproj", "{0D26BEF0-DF34-4A08-A60F-1CD99DF05AEF}"
EndProject
Global
	GlobalSection(SolutionConfigurationPlatforms) = preSolution
		CD_ROM|Any CPU = CD_ROM|Any CPU
		CD_ROM|Mixed Platforms = CD_ROM|Mixed Platforms
		CD_ROM|x86 = CD_ROM|x86
		Debug|Any CPU = Debug|Any CPU
		Debug|Mixed Platforms = Debug|Mixed Platforms
		Debug|x86 = Debug|x86
		DVD-5|Any CPU = DVD-5|Any CPU
		DVD-5|Mixed Platforms = DVD-5|Mixed Platforms
		DVD-5|x86 = DVD-5|x86
		Release|Any CPU = Release|Any CPU
		Release|Mixed Platforms = Release|Mixed Platforms
		Release|x86 = Release|x86
		SingleImage|Any CPU = SingleImage|Any CPU
		SingleImage|Mixed Platforms = SingleImage|Mixed Platforms
		SingleImage|x86 = SingleImage|x86
	EndGlobalSection
	GlobalSection(ProjectConfigurationPlatforms) = postSolution
		{E344E05D-AE7A-4454-832A-A3EC1ADB76C8}.CD_ROM|Any CPU.ActiveCfg = Release|Any CPU
		{E344E05D-AE7A-4454-832A-A3EC1ADB76C8}.CD_ROM|Any CPU.Build.0 = Release|Any CPU
		{E344E05D-AE7A-4454-832A-A3EC1ADB76C8}.CD_ROM|Mixed Platforms.ActiveCfg = Debug|Any CPU
		{E344E05D-AE7A-4454-832A-A3EC1ADB76C8}.CD_ROM|Mixed Platforms.Build.0 = Debug|Any CPU
		{E344E05D-AE7A-4454-832A-A3EC1ADB76C8}.CD_ROM|x86.ActiveCfg = Debug|Any CPU
		{E344E05D-AE7A-4454-832A-A3EC1ADB76C8}.Debug|Any CPU.ActiveCfg = Debug|Any CPU
		{E344E05D-AE7A-4454-832A-A3EC1ADB76C8}.Debug|Any CPU.Build.0 = Debug|Any CPU
		{E344E05D-AE7A-4454-832A-A3EC1ADB76C8}.Debug|Mixed Platforms.ActiveCfg = Debug|Any CPU
		{E344E05D-AE7A-4454-832A-A3EC1ADB76C8}.Debug|Mixed Platforms.Build.0 = Debug|Any CPU
		{E344E05D-AE7A-4454-832A-A3EC1ADB76C8}.Debug|x86.ActiveCfg = Debug|Any CPU
		{E344E05D-AE7A-4454-832A-A3EC1ADB76C8}.DVD-5|Any CPU.ActiveCfg = Debug|Any CPU
		{E344E05D-AE7A-4454-832A-A3EC1ADB76C8}.DVD-5|Any CPU.Build.0 = Debug|Any CPU
		{E344E05D-AE7A-4454-832A-A3EC1ADB76C8}.DVD-5|Mixed Platforms.ActiveCfg = Debug|Any CPU
		{E344E05D-AE7A-4454-832A-A3EC1ADB76C8}.DVD-5|Mixed Platforms.Build.0 = Debug|Any CPU
		{E344E05D-AE7A-4454-832A-A3EC1ADB76C8}.DVD-5|x86.ActiveCfg = Debug|Any CPU
		{E344E05D-AE7A-4454-832A-A3EC1ADB76C8}.Release|Any CPU.ActiveCfg = Release|Any CPU
		{E344E05D-AE7A-4454-832A-A3EC1ADB76C8}.Release|Any CPU.Build.0 = Release|Any CPU
		{E344E05D-AE7A-4454-832A-A3EC1ADB76C8}.Release|Mixed Platforms.ActiveCfg = Release|Any CPU
		{E344E05D-AE7A-4454-832A-A3EC1ADB76C8}.Release|Mixed Platforms.Build.0 = Release|Any CPU
		{E344E05D-AE7A-4454-832A-A3EC1ADB76C8}.Release|x86.ActiveCfg = Release|Any CPU
		{E344E05D-AE7A-4454-832A-A3EC1ADB76C8}.SingleImage|Any CPU.ActiveCfg = Debug|Any CPU
		{E344E05D-AE7A-4454-832A-A3EC1ADB76C8}.SingleImage|Any CPU.Build.0 = Debug|Any CPU
		{E344E05D-AE7A-4454-832A-A3EC1ADB76C8}.SingleImage|Mixed Platforms.ActiveCfg = Debug|Any CPU
		{E344E05D-AE7A-4454-832A-A3EC1ADB76C8}.SingleImage|Mixed Platforms.Build.0 = Debug|Any CPU
		{E344E05D-AE7A-4454-832A-A3EC1ADB76C8}.SingleImage|x86.ActiveCfg = Debug|Any CPU
		{ED233DE7-6011-4434-8D3F-ACD7BDEB9F27}.CD_ROM|Any CPU.ActiveCfg = Release|Any CPU
		{ED233DE7-6011-4434-8D3F-ACD7BDEB9F27}.CD_ROM|Any CPU.Build.0 = Release|Any CPU
		{ED233DE7-6011-4434-8D3F-ACD7BDEB9F27}.CD_ROM|Mixed Platforms.ActiveCfg = Debug|Any CPU
		{ED233DE7-6011-4434-8D3F-ACD7BDEB9F27}.CD_ROM|Mixed Platforms.Build.0 = Debug|Any CPU
		{ED233DE7-6011-4434-8D3F-ACD7BDEB9F27}.CD_ROM|x86.ActiveCfg = Debug|Any CPU
		{ED233DE7-6011-4434-8D3F-ACD7BDEB9F27}.Debug|Any CPU.ActiveCfg = Debug|Any CPU
		{ED233DE7-6011-4434-8D3F-ACD7BDEB9F27}.Debug|Any CPU.Build.0 = Debug|Any CPU
		{ED233DE7-6011-4434-8D3F-ACD7BDEB9F27}.Debug|Mixed Platforms.ActiveCfg = Debug|Any CPU
		{ED233DE7-6011-4434-8D3F-ACD7BDEB9F27}.Debug|Mixed Platforms.Build.0 = Debug|Any CPU
		{ED233DE7-6011-4434-8D3F-ACD7BDEB9F27}.Debug|x86.ActiveCfg = Debug|Any CPU
		{ED233DE7-6011-4434-8D3F-ACD7BDEB9F27}.DVD-5|Any CPU.ActiveCfg = Debug|Any CPU
		{ED233DE7-6011-4434-8D3F-ACD7BDEB9F27}.DVD-5|Any CPU.Build.0 = Debug|Any CPU
		{ED233DE7-6011-4434-8D3F-ACD7BDEB9F27}.DVD-5|Mixed Platforms.ActiveCfg = Debug|Any CPU
		{ED233DE7-6011-4434-8D3F-ACD7BDEB9F27}.DVD-5|Mixed Platforms.Build.0 = Debug|Any CPU
		{ED233DE7-6011-4434-8D3F-ACD7BDEB9F27}.DVD-5|x86.ActiveCfg = Debug|Any CPU
		{ED233DE7-6011-4434-8D3F-ACD7BDEB9F27}.Release|Any CPU.ActiveCfg = Release|Any CPU
		{ED233DE7-6011-4434-8D3F-ACD7BDEB9F27}.Release|Any CPU.Build.0 = Release|Any CPU
		{ED233DE7-6011-4434-8D3F-ACD7BDEB9F27}.Release|Mixed Platforms.ActiveCfg = Release|Any CPU
		{ED233DE7-6011-4434-8D3F-ACD7BDEB9F27}.Release|Mixed Platforms.Build.0 = Release|Any CPU
		{ED233DE7-6011-4434-8D3F-ACD7BDEB9F27}.Release|x86.ActiveCfg = Release|Any CPU
		{ED233DE7-6011-4434-8D3F-ACD7BDEB9F27}.SingleImage|Any CPU.ActiveCfg = Debug|Any CPU
		{ED233DE7-6011-4434-8D3F-ACD7BDEB9F27}.SingleImage|Any CPU.Build.0 = Debug|Any CPU
		{ED233DE7-6011-4434-8D3F-ACD7BDEB9F27}.SingleImage|Mixed Platforms.ActiveCfg = Debug|Any CPU
		{ED233DE7-6011-4434-8D3F-ACD7BDEB9F27}.SingleImage|Mixed Platforms.Build.0 = Debug|Any CPU
		{ED233DE7-6011-4434-8D3F-ACD7BDEB9F27}.SingleImage|x86.ActiveCfg = Debug|Any CPU
		{2A43ED9F-C8E8-4329-A720-28EDCD30416A}.CD_ROM|Any CPU.ActiveCfg = Release|Any CPU
		{2A43ED9F-C8E8-4329-A720-28EDCD30416A}.CD_ROM|Any CPU.Build.0 = Release|Any CPU
		{2A43ED9F-C8E8-4329-A720-28EDCD30416A}.CD_ROM|Mixed Platforms.ActiveCfg = Debug|Any CPU
		{2A43ED9F-C8E8-4329-A720-28EDCD30416A}.CD_ROM|Mixed Platforms.Build.0 = Debug|Any CPU
		{2A43ED9F-C8E8-4329-A720-28EDCD30416A}.CD_ROM|x86.ActiveCfg = Debug|Any CPU
		{2A43ED9F-C8E8-4329-A720-28EDCD30416A}.Debug|Any CPU.ActiveCfg = Debug|Any CPU
		{2A43ED9F-C8E8-4329-A720-28EDCD30416A}.Debug|Any CPU.Build.0 = Debug|Any CPU
		{2A43ED9F-C8E8-4329-A720-28EDCD30416A}.Debug|Mixed Platforms.ActiveCfg = Debug|Any CPU
		{2A43ED9F-C8E8-4329-A720-28EDCD30416A}.Debug|Mixed Platforms.Build.0 = Debug|Any CPU
		{2A43ED9F-C8E8-4329-A720-28EDCD30416A}.Debug|x86.ActiveCfg = Debug|Any CPU
		{2A43ED9F-C8E8-4329-A720-28EDCD30416A}.DVD-5|Any CPU.ActiveCfg = Debug|Any CPU
		{2A43ED9F-C8E8-4329-A720-28EDCD30416A}.DVD-5|Any CPU.Build.0 = Debug|Any CPU
		{2A43ED9F-C8E8-4329-A720-28EDCD30416A}.DVD-5|Mixed Platforms.ActiveCfg = Debug|Any CPU
		{2A43ED9F-C8E8-4329-A720-28EDCD30416A}.DVD-5|Mixed Platforms.Build.0 = Debug|Any CPU
		{2A43ED9F-C8E8-4329-A720-28EDCD30416A}.DVD-5|x86.ActiveCfg = Debug|Any CPU
		{2A43ED9F-C8E8-4329-A720-28EDCD30416A}.Release|Any CPU.ActiveCfg = Release|Any CPU
		{2A43ED9F-C8E8-4329-A720-28EDCD30416A}.Release|Any CPU.Build.0 = Release|Any CPU
		{2A43ED9F-C8E8-4329-A720-28EDCD30416A}.Release|Mixed Platforms.ActiveCfg = Release|Any CPU
		{2A43ED9F-C8E8-4329-A720-28EDCD30416A}.Release|Mixed Platforms.Build.0 = Release|Any CPU
		{2A43ED9F-C8E8-4329-A720-28EDCD30416A}.Release|x86.ActiveCfg = Release|Any CPU
		{2A43ED9F-C8E8-4329-A720-28EDCD30416A}.SingleImage|Any CPU.ActiveCfg = Debug|Any CPU
		{2A43ED9F-C8E8-4329-A720-28EDCD30416A}.SingleImage|Any CPU.Build.0 = Debug|Any CPU
		{2A43ED9F-C8E8-4329-A720-28EDCD30416A}.SingleImage|Mixed Platforms.ActiveCfg = Debug|Any CPU
		{2A43ED9F-C8E8-4329-A720-28EDCD30416A}.SingleImage|Mixed Platforms.Build.0 = Debug|Any CPU
		{2A43ED9F-C8E8-4329-A720-28EDCD30416A}.SingleImage|x86.ActiveCfg = Debug|Any CPU
		{266BD9BB-AB97-4A7D-9D5C-FFE17D9F2EC1}.CD_ROM|Any CPU.ActiveCfg = CD_ROM
		{266BD9BB-AB97-4A7D-9D5C-FFE17D9F2EC1}.CD_ROM|Any CPU.Build.0 = CD_ROM
		{266BD9BB-AB97-4A7D-9D5C-FFE17D9F2EC1}.CD_ROM|Mixed Platforms.ActiveCfg = CD_ROM
		{266BD9BB-AB97-4A7D-9D5C-FFE17D9F2EC1}.CD_ROM|x86.ActiveCfg = CD_ROM
		{266BD9BB-AB97-4A7D-9D5C-FFE17D9F2EC1}.Debug|Any CPU.ActiveCfg = DVD-5
		{266BD9BB-AB97-4A7D-9D5C-FFE17D9F2EC1}.Debug|Any CPU.Build.0 = DVD-5
		{266BD9BB-AB97-4A7D-9D5C-FFE17D9F2EC1}.Debug|Mixed Platforms.ActiveCfg = DVD-5
		{266BD9BB-AB97-4A7D-9D5C-FFE17D9F2EC1}.Debug|x86.ActiveCfg = DVD-5
		{266BD9BB-AB97-4A7D-9D5C-FFE17D9F2EC1}.DVD-5|Any CPU.ActiveCfg = DVD-5
		{266BD9BB-AB97-4A7D-9D5C-FFE17D9F2EC1}.DVD-5|Any CPU.Build.0 = DVD-5
		{266BD9BB-AB97-4A7D-9D5C-FFE17D9F2EC1}.DVD-5|Mixed Platforms.ActiveCfg = DVD-5
		{266BD9BB-AB97-4A7D-9D5C-FFE17D9F2EC1}.DVD-5|x86.ActiveCfg = DVD-5
		{266BD9BB-AB97-4A7D-9D5C-FFE17D9F2EC1}.Release|Any CPU.ActiveCfg = SingleImage
		{266BD9BB-AB97-4A7D-9D5C-FFE17D9F2EC1}.Release|Any CPU.Build.0 = SingleImage
		{266BD9BB-AB97-4A7D-9D5C-FFE17D9F2EC1}.Release|Mixed Platforms.ActiveCfg = SingleImage
		{266BD9BB-AB97-4A7D-9D5C-FFE17D9F2EC1}.Release|x86.ActiveCfg = SingleImage
		{266BD9BB-AB97-4A7D-9D5C-FFE17D9F2EC1}.SingleImage|Any CPU.ActiveCfg = SingleImage
		{266BD9BB-AB97-4A7D-9D5C-FFE17D9F2EC1}.SingleImage|Any CPU.Build.0 = SingleImage
		{266BD9BB-AB97-4A7D-9D5C-FFE17D9F2EC1}.SingleImage|Mixed Platforms.ActiveCfg = SingleImage
		{266BD9BB-AB97-4A7D-9D5C-FFE17D9F2EC1}.SingleImage|x86.ActiveCfg = SingleImage
		{5BC16567-C2A2-4585-8507-71BF4F5E2D42}.CD_ROM|Any CPU.ActiveCfg = Release|Any CPU
		{5BC16567-C2A2-4585-8507-71BF4F5E2D42}.CD_ROM|Any CPU.Build.0 = Release|Any CPU
		{5BC16567-C2A2-4585-8507-71BF4F5E2D42}.CD_ROM|Mixed Platforms.ActiveCfg = Debug|Any CPU
		{5BC16567-C2A2-4585-8507-71BF4F5E2D42}.CD_ROM|Mixed Platforms.Build.0 = Debug|Any CPU
		{5BC16567-C2A2-4585-8507-71BF4F5E2D42}.CD_ROM|x86.ActiveCfg = Debug|Any CPU
		{5BC16567-C2A2-4585-8507-71BF4F5E2D42}.Debug|Any CPU.ActiveCfg = Debug|Any CPU
		{5BC16567-C2A2-4585-8507-71BF4F5E2D42}.Debug|Any CPU.Build.0 = Debug|Any CPU
		{5BC16567-C2A2-4585-8507-71BF4F5E2D42}.Debug|Mixed Platforms.ActiveCfg = Debug|Any CPU
		{5BC16567-C2A2-4585-8507-71BF4F5E2D42}.Debug|Mixed Platforms.Build.0 = Debug|Any CPU
		{5BC16567-C2A2-4585-8507-71BF4F5E2D42}.Debug|x86.ActiveCfg = Debug|Any CPU
		{5BC16567-C2A2-4585-8507-71BF4F5E2D42}.DVD-5|Any CPU.ActiveCfg = Debug|Any CPU
		{5BC16567-C2A2-4585-8507-71BF4F5E2D42}.DVD-5|Any CPU.Build.0 = Debug|Any CPU
		{5BC16567-C2A2-4585-8507-71BF4F5E2D42}.DVD-5|Mixed Platforms.ActiveCfg = Debug|Any CPU
		{5BC16567-C2A2-4585-8507-71BF4F5E2D42}.DVD-5|Mixed Platforms.Build.0 = Debug|Any CPU
		{5BC16567-C2A2-4585-8507-71BF4F5E2D42}.DVD-5|x86.ActiveCfg = Debug|Any CPU
		{5BC16567-C2A2-4585-8507-71BF4F5E2D42}.Release|Any CPU.ActiveCfg = Release|Any CPU
		{5BC16567-C2A2-4585-8507-71BF4F5E2D42}.Release|Any CPU.Build.0 = Release|Any CPU
		{5BC16567-C2A2-4585-8507-71BF4F5E2D42}.Release|Mixed Platforms.ActiveCfg = Release|Any CPU
		{5BC16567-C2A2-4585-8507-71BF4F5E2D42}.Release|Mixed Platforms.Build.0 = Release|Any CPU
		{5BC16567-C2A2-4585-8507-71BF4F5E2D42}.Release|x86.ActiveCfg = Release|Any CPU
		{5BC16567-C2A2-4585-8507-71BF4F5E2D42}.SingleImage|Any CPU.ActiveCfg = Release|Any CPU
		{5BC16567-C2A2-4585-8507-71BF4F5E2D42}.SingleImage|Any CPU.Build.0 = Release|Any CPU
		{5BC16567-C2A2-4585-8507-71BF4F5E2D42}.SingleImage|Mixed Platforms.ActiveCfg = Debug|Any CPU
		{5BC16567-C2A2-4585-8507-71BF4F5E2D42}.SingleImage|Mixed Platforms.Build.0 = Debug|Any CPU
		{5BC16567-C2A2-4585-8507-71BF4F5E2D42}.SingleImage|x86.ActiveCfg = Debug|Any CPU
		{0D26BEF0-DF34-4A08-A60F-1CD99DF05AEF}.CD_ROM|Any CPU.ActiveCfg = Release|x86
		{0D26BEF0-DF34-4A08-A60F-1CD99DF05AEF}.CD_ROM|Mixed Platforms.ActiveCfg = Release|x86
		{0D26BEF0-DF34-4A08-A60F-1CD99DF05AEF}.CD_ROM|Mixed Platforms.Build.0 = Release|x86
		{0D26BEF0-DF34-4A08-A60F-1CD99DF05AEF}.CD_ROM|x86.ActiveCfg = Release|x86
		{0D26BEF0-DF34-4A08-A60F-1CD99DF05AEF}.CD_ROM|x86.Build.0 = Release|x86
		{0D26BEF0-DF34-4A08-A60F-1CD99DF05AEF}.Debug|Any CPU.ActiveCfg = Debug|x86
		{0D26BEF0-DF34-4A08-A60F-1CD99DF05AEF}.Debug|Mixed Platforms.ActiveCfg = Debug|x86
		{0D26BEF0-DF34-4A08-A60F-1CD99DF05AEF}.Debug|Mixed Platforms.Build.0 = Debug|x86
		{0D26BEF0-DF34-4A08-A60F-1CD99DF05AEF}.Debug|x86.ActiveCfg = Debug|x86
		{0D26BEF0-DF34-4A08-A60F-1CD99DF05AEF}.Debug|x86.Build.0 = Debug|x86
		{0D26BEF0-DF34-4A08-A60F-1CD99DF05AEF}.DVD-5|Any CPU.ActiveCfg = Debug|x86
		{0D26BEF0-DF34-4A08-A60F-1CD99DF05AEF}.DVD-5|Mixed Platforms.ActiveCfg = Debug|x86
		{0D26BEF0-DF34-4A08-A60F-1CD99DF05AEF}.DVD-5|Mixed Platforms.Build.0 = Debug|x86
		{0D26BEF0-DF34-4A08-A60F-1CD99DF05AEF}.DVD-5|x86.ActiveCfg = Debug|x86
		{0D26BEF0-DF34-4A08-A60F-1CD99DF05AEF}.DVD-5|x86.Build.0 = Debug|x86
		{0D26BEF0-DF34-4A08-A60F-1CD99DF05AEF}.Release|Any CPU.ActiveCfg = Release|x86
		{0D26BEF0-DF34-4A08-A60F-1CD99DF05AEF}.Release|Mixed Platforms.ActiveCfg = Release|x86
		{0D26BEF0-DF34-4A08-A60F-1CD99DF05AEF}.Release|Mixed Platforms.Build.0 = Release|x86
		{0D26BEF0-DF34-4A08-A60F-1CD99DF05AEF}.Release|x86.ActiveCfg = Release|x86
		{0D26BEF0-DF34-4A08-A60F-1CD99DF05AEF}.Release|x86.Build.0 = Release|x86
		{0D26BEF0-DF34-4A08-A60F-1CD99DF05AEF}.SingleImage|Any CPU.ActiveCfg = Release|x86
		{0D26BEF0-DF34-4A08-A60F-1CD99DF05AEF}.SingleImage|Mixed Platforms.ActiveCfg = Debug|x86
		{0D26BEF0-DF34-4A08-A60F-1CD99DF05AEF}.SingleImage|Mixed Platforms.Build.0 = Debug|x86
		{0D26BEF0-DF34-4A08-A60F-1CD99DF05AEF}.SingleImage|x86.ActiveCfg = Release|x86
		{0D26BEF0-DF34-4A08-A60F-1CD99DF05AEF}.SingleImage|x86.Build.0 = Release|x86
	EndGlobalSection
	GlobalSection(SolutionProperties) = preSolution
		HideSolutionNode = FALSE
	EndGlobalSection
EndGlobal
